// !$*UTF8*$!
{
	archiveVersion = 1;
	classes = {
	};
	objectVersion = 56;
	objects = {

/* Begin PBXBuildFile section */
		922CFA1D2AF8C2E400B4BE7C /* AppDelegate.swift in Sources */ = {isa = PBXBuildFile; fileRef = 922CFA1C2AF8C2E400B4BE7C /* AppDelegate.swift */; };
		922CFA1F2AF8C2E400B4BE7C /* SceneDelegate.swift in Sources */ = {isa = PBXBuildFile; fileRef = 922CFA1E2AF8C2E400B4BE7C /* SceneDelegate.swift */; };
		922CFA212AF8C2E400B4BE7C /* ViewController.swift in Sources */ = {isa = PBXBuildFile; fileRef = 922CFA202AF8C2E400B4BE7C /* ViewController.swift */; };
		922CFA242AF8C2E400B4BE7C /* Main.storyboard in Resources */ = {isa = PBXBuildFile; fileRef = 922CFA222AF8C2E400B4BE7C /* Main.storyboard */; };
		922CFA262AF8C2E500B4BE7C /* Assets.xcassets in Resources */ = {isa = PBXBuildFile; fileRef = 922CFA252AF8C2E500B4BE7C /* Assets.xcassets */; };
		922CFA292AF8C2E500B4BE7C /* LaunchScreen.storyboard in Resources */ = {isa = PBXBuildFile; fileRef = 922CFA272AF8C2E500B4BE7C /* LaunchScreen.storyboard */; };
		922CFA322AF8C4F700B4BE7C /* FirebaseRemoteConfig in Frameworks */ = {isa = PBXBuildFile; productRef = 922CFA312AF8C4F700B4BE7C /* FirebaseRemoteConfig */; };
		922CFA342AF8C4F700B4BE7C /* FirebaseRemoteConfigSwift in Frameworks */ = {isa = PBXBuildFile; productRef = 922CFA332AF8C4F700B4BE7C /* FirebaseRemoteConfigSwift */; };
		922CFA362AF8C51200B4BE7C /* GoogleService-Info.plist in Resources */ = {isa = PBXBuildFile; fileRef = 922CFA352AF8C51200B4BE7C /* GoogleService-Info.plist */; };
		922CFA382AF8C59300B4BE7C /* Presenter.swift in Sources */ = {isa = PBXBuildFile; fileRef = 922CFA372AF8C59300B4BE7C /* Presenter.swift */; };
		922CFA3A2AF8C69100B4BE7C /* DataSource.swift in Sources */ = {isa = PBXBuildFile; fileRef = 922CFA392AF8C69100B4BE7C /* DataSource.swift */; };
		922CFA3C2AF8E37600B4BE7C /* RemoteConfigurationParameter.swift in Sources */ = {isa = PBXBuildFile; fileRef = 922CFA3B2AF8E37600B4BE7C /* RemoteConfigurationParameter.swift */; };
/* End PBXBuildFile section */

/* Begin PBXFileReference section */
		922CFA192AF8C2E400B4BE7C /* CodingTask.app */ = {isa = PBXFileReference; explicitFileType = wrapper.application; includeInIndex = 0; path = CodingTask.app; sourceTree = BUILT_PRODUCTS_DIR; };
		922CFA1C2AF8C2E400B4BE7C /* AppDelegate.swift */ = {isa = PBXFileReference; lastKnownFileType = sourcecode.swift; path = AppDelegate.swift; sourceTree = "<group>"; };
		922CFA1E2AF8C2E400B4BE7C /* SceneDelegate.swift */ = {isa = PBXFileReference; lastKnownFileType = sourcecode.swift; path = SceneDelegate.swift; sourceTree = "<group>"; };
		922CFA202AF8C2E400B4BE7C /* ViewController.swift */ = {isa = PBXFileReference; lastKnownFileType = sourcecode.swift; path = ViewController.swift; sourceTree = "<group>"; };
		922CFA232AF8C2E400B4BE7C /* Base */ = {isa = PBXFileReference; lastKnownFileType = file.storyboard; name = Base; path = Base.lproj/Main.storyboard; sourceTree = "<group>"; };
		922CFA252AF8C2E500B4BE7C /* Assets.xcassets */ = {isa = PBXFileReference; lastKnownFileType = folder.assetcatalog; path = Assets.xcassets; sourceTree = "<group>"; };
		922CFA282AF8C2E500B4BE7C /* Base */ = {isa = PBXFileReference; lastKnownFileType = file.storyboard; name = Base; path = Base.lproj/LaunchScreen.storyboard; sourceTree = "<group>"; };
		922CFA2A2AF8C2E500B4BE7C /* Info.plist */ = {isa = PBXFileReference; lastKnownFileType = text.plist.xml; path = Info.plist; sourceTree = "<group>"; };
		922CFA352AF8C51200B4BE7C /* GoogleService-Info.plist */ = {isa = PBXFileReference; fileEncoding = 4; lastKnownFileType = text.plist.xml; path = "GoogleService-Info.plist"; sourceTree = "<group>"; };
		922CFA372AF8C59300B4BE7C /* Presenter.swift */ = {isa = PBXFileReference; lastKnownFileType = sourcecode.swift; path = Presenter.swift; sourceTree = "<group>"; };
		922CFA392AF8C69100B4BE7C /* DataSource.swift */ = {isa = PBXFileReference; lastKnownFileType = sourcecode.swift; path = DataSource.swift; sourceTree = "<group>"; };
		922CFA3B2AF8E37600B4BE7C /* RemoteConfigurationParameter.swift */ = {isa = PBXFileReference; lastKnownFileType = sourcecode.swift; path = RemoteConfigurationParameter.swift; sourceTree = "<group>"; };
/* End PBXFileReference section */

/* Begin PBXFrameworksBuildPhase section */
		922CFA162AF8C2E400B4BE7C /* Frameworks */ = {
			isa = PBXFrameworksBuildPhase;
			buildActionMask = 2147483647;
			files = (
				922CFA322AF8C4F700B4BE7C /* FirebaseRemoteConfig in Frameworks */,
				922CFA342AF8C4F700B4BE7C /* FirebaseRemoteConfigSwift in Frameworks */,
			);
			runOnlyForDeploymentPostprocessing = 0;
		};
/* End PBXFrameworksBuildPhase section */

/* Begin PBXGroup section */
		922CFA102AF8C2E400B4BE7C = {
			isa = PBXGroup;
			children = (
				922CFA1B2AF8C2E400B4BE7C /* CodingTask */,
				922CFA1A2AF8C2E400B4BE7C /* Products */,
			);
			sourceTree = "<group>";
		};
		922CFA1A2AF8C2E400B4BE7C /* Products */ = {
			isa = PBXGroup;
			children = (
				922CFA192AF8C2E400B4BE7C /* CodingTask.app */,
			);
			name = Products;
			sourceTree = "<group>";
		};
		922CFA1B2AF8C2E400B4BE7C /* CodingTask */ = {
			isa = PBXGroup;
			children = (
				922CFA1C2AF8C2E400B4BE7C /* AppDelegate.swift */,
				922CFA1E2AF8C2E400B4BE7C /* SceneDelegate.swift */,
				922CFA202AF8C2E400B4BE7C /* ViewController.swift */,
				922CFA372AF8C59300B4BE7C /* Presenter.swift */,
				922CFA392AF8C69100B4BE7C /* DataSource.swift */,
				922CFA3B2AF8E37600B4BE7C /* RemoteConfigurationParameter.swift */,
				922CFA222AF8C2E400B4BE7C /* Main.storyboard */,
				922CFA352AF8C51200B4BE7C /* GoogleService-Info.plist */,
				922CFA252AF8C2E500B4BE7C /* Assets.xcassets */,
				922CFA272AF8C2E500B4BE7C /* LaunchScreen.storyboard */,
				922CFA2A2AF8C2E500B4BE7C /* Info.plist */,
			);
			path = CodingTask;
			sourceTree = "<group>";
		};
/* End PBXGroup section */

/* Begin PBXNativeTarget section */
		922CFA182AF8C2E400B4BE7C /* CodingTask */ = {
			isa = PBXNativeTarget;
			buildConfigurationList = 922CFA2D2AF8C2E500B4BE7C /* Build configuration list for PBXNativeTarget "CodingTask" */;
			buildPhases = (
				922CFA152AF8C2E400B4BE7C /* Sources */,
				922CFA162AF8C2E400B4BE7C /* Frameworks */,
				922CFA172AF8C2E400B4BE7C /* Resources */,
			);
			buildRules = (
			);
			dependencies = (
			);
			name = CodingTask;
			packageProductDependencies = (
				922CFA312AF8C4F700B4BE7C /* FirebaseRemoteConfig */,
				922CFA332AF8C4F700B4BE7C /* FirebaseRemoteConfigSwift */,
			);
			productName = CodingTask;
			productReference = 922CFA192AF8C2E400B4BE7C /* CodingTask.app */;
			productType = "com.apple.product-type.application";
		};
/* End PBXNativeTarget section */

/* Begin PBXProject section */
		922CFA112AF8C2E400B4BE7C /* Project object */ = {
			isa = PBXProject;
			attributes = {
				BuildIndependentTargetsInParallel = 1;
				LastSwiftUpdateCheck = 1430;
				LastUpgradeCheck = 1430;
				TargetAttributes = {
					922CFA182AF8C2E400B4BE7C = {
						CreatedOnToolsVersion = 14.3.1;
					};
				};
			};
			buildConfigurationList = 922CFA142AF8C2E400B4BE7C /* Build configuration list for PBXProject "CodingTask" */;
			compatibilityVersion = "Xcode 14.0";
			developmentRegion = en;
			hasScannedForEncodings = 0;
			knownRegions = (
				en,
				Base,
			);
			mainGroup = 922CFA102AF8C2E400B4BE7C;
			packageReferences = (
				922CFA302AF8C4F700B4BE7C /* XCRemoteSwiftPackageReference "firebase-ios-sdk" */,
			);
			productRefGroup = 922CFA1A2AF8C2E400B4BE7C /* Products */;
			projectDirPath = "";
			projectRoot = "";
			targets = (
				922CFA182AF8C2E400B4BE7C /* CodingTask */,
			);
		};
/* End PBXProject section */

/* Begin PBXResourcesBuildPhase section */
		922CFA172AF8C2E400B4BE7C /* Resources */ = {
			isa = PBXResourcesBuildPhase;
			buildActionMask = 2147483647;
			files = (
				922CFA292AF8C2E500B4BE7C /* LaunchScreen.storyboard in Resources */,
				922CFA362AF8C51200B4BE7C /* GoogleService-Info.plist in Resources */,
				922CFA262AF8C2E500B4BE7C /* Assets.xcassets in Resources */,
				922CFA242AF8C2E400B4BE7C /* Main.storyboard in Resources */,
			);
			runOnlyForDeploymentPostprocessing = 0;
		};
/* End PBXResourcesBuildPhase section */

/* Begin PBXSourcesBuildPhase section */
		922CFA152AF8C2E400B4BE7C /* Sources */ = {
			isa = PBXSourcesBuildPhase;
			buildActionMask = 2147483647;
			files = (
				922CFA212AF8C2E400B4BE7C /* ViewController.swift in Sources */,
				922CFA1D2AF8C2E400B4BE7C /* AppDelegate.swift in Sources */,
				922CFA3C2AF8E37600B4BE7C /* RemoteConfigurationParameter.swift in Sources */,
				922CFA382AF8C59300B4BE7C /* Presenter.swift in Sources */,
				922CFA3A2AF8C69100B4BE7C /* DataSource.swift in Sources */,
				922CFA1F2AF8C2E400B4BE7C /* SceneDelegate.swift in Sources */,
			);
			runOnlyForDeploymentPostprocessing = 0;
		};
/* End PBXSourcesBuildPhase section */

/* Begin PBXVariantGroup section */
		922CFA222AF8C2E400B4BE7C /* Main.storyboard */ = {
			isa = PBXVariantGroup;
			children = (
				922CFA232AF8C2E400B4BE7C /* Base */,
			);
			name = Main.storyboard;
			sourceTree = "<group>";
		};
		922CFA272AF8C2E500B4BE7C /* LaunchScreen.storyboard */ = {
			isa = PBXVariantGroup;
			children = (
				922CFA282AF8C2E500B4BE7C /* Base */,
			);
			name = LaunchScreen.storyboard;
			sourceTree = "<group>";
		};
/* End PBXVariantGroup section */

/* Begin XCBuildConfiguration section */
		922CFA2B2AF8C2E500B4BE7C /* Debug */ = {
			isa = XCBuildConfiguration;
			buildSettings = {
				ALWAYS_SEARCH_USER_PATHS = NO;
				CLANG_ANALYZER_NONNULL = YES;
				CLANG_ANALYZER_NUMBER_OBJECT_CONVERSION = YES_AGGRESSIVE;
				CLANG_CXX_LANGUAGE_STANDARD = "gnu++20";
				CLANG_ENABLE_MODULES = YES;
				CLANG_ENABLE_OBJC_ARC = YES;
				CLANG_ENABLE_OBJC_WEAK = YES;
				CLANG_WARN_BLOCK_CAPTURE_AUTORELEASING = YES;
				CLANG_WARN_BOOL_CONVERSION = YES;
				CLANG_WARN_COMMA = YES;
				CLANG_WARN_CONSTANT_CONVERSION = YES;
				CLANG_WARN_DEPRECATED_OBJC_IMPLEMENTATIONS = YES;
				CLANG_WARN_DIRECT_OBJC_ISA_USAGE = YES_ERROR;
				CLANG_WARN_DOCUMENTATION_COMMENTS = YES;
				CLANG_WARN_EMPTY_BODY = YES;
				CLANG_WARN_ENUM_CONVERSION = YES;
				CLANG_WARN_INFINITE_RECURSION = YES;
				CLANG_WARN_INT_CONVERSION = YES;
				CLANG_WARN_NON_LITERAL_NULL_CONVERSION = YES;
				CLANG_WARN_OBJC_IMPLICIT_RETAIN_SELF = YES;
				CLANG_WARN_OBJC_LITERAL_CONVERSION = YES;
				CLANG_WARN_OBJC_ROOT_CLASS = YES_ERROR;
				CLANG_WARN_QUOTED_INCLUDE_IN_FRAMEWORK_HEADER = YES;
				CLANG_WARN_RANGE_LOOP_ANALYSIS = YES;
				CLANG_WARN_STRICT_PROTOTYPES = YES;
				CLANG_WARN_SUSPICIOUS_MOVE = YES;
				CLANG_WARN_UNGUARDED_AVAILABILITY = YES_AGGRESSIVE;
				CLANG_WARN_UNREACHABLE_CODE = YES;
				CLANG_WARN__DUPLICATE_METHOD_MATCH = YES;
				COPY_PHASE_STRIP = NO;
				DEBUG_INFORMATION_FORMAT = dwarf;
				ENABLE_STRICT_OBJC_MSGSEND = YES;
				ENABLE_TESTABILITY = YES;
				GCC_C_LANGUAGE_STANDARD = gnu11;
				GCC_DYNAMIC_NO_PIC = NO;
				GCC_NO_COMMON_BLOCKS = YES;
				GCC_OPTIMIZATION_LEVEL = 0;
				GCC_PREPROCESSOR_DEFINITIONS = (
					"DEBUG=1",
					"$(inherited)",
				);
				GCC_WARN_64_TO_32_BIT_CONVERSION = YES;
				GCC_WARN_ABOUT_RETURN_TYPE = YES_ERROR;
				GCC_WARN_UNDECLARED_SELECTOR = YES;
				GCC_WARN_UNINITIALIZED_AUTOS = YES_AGGRESSIVE;
				GCC_WARN_UNUSED_FUNCTION = YES;
				GCC_WARN_UNUSED_VARIABLE = YES;
				IPHONEOS_DEPLOYMENT_TARGET = 16.4;
				MTL_ENABLE_DEBUG_INFO = INCLUDE_SOURCE;
				MTL_FAST_MATH = YES;
				ONLY_ACTIVE_ARCH = YES;
				SDKROOT = iphoneos;
				SWIFT_ACTIVE_COMPILATION_CONDITIONS = DEBUG;
				SWIFT_OPTIMIZATION_LEVEL = "-Onone";
			};
			name = Debug;
		};
		922CFA2C2AF8C2E500B4BE7C /* Release */ = {
			isa = XCBuildConfiguration;
			buildSettings = {
				ALWAYS_SEARCH_USER_PATHS = NO;
				CLANG_ANALYZER_NONNULL = YES;
				CLANG_ANALYZER_NUMBER_OBJECT_CONVERSION = YES_AGGRESSIVE;
				CLANG_CXX_LANGUAGE_STANDARD = "gnu++20";
				CLANG_ENABLE_MODULES = YES;
				CLANG_ENABLE_OBJC_ARC = YES;
				CLANG_ENABLE_OBJC_WEAK = YES;
				CLANG_WARN_BLOCK_CAPTURE_AUTORELEASING = YES;
				CLANG_WARN_BOOL_CONVERSION = YES;
				CLANG_WARN_COMMA = YES;
				CLANG_WARN_CONSTANT_CONVERSION = YES;
				CLANG_WARN_DEPRECATED_OBJC_IMPLEMENTATIONS = YES;
				CLANG_WARN_DIRECT_OBJC_ISA_USAGE = YES_ERROR;
				CLANG_WARN_DOCUMENTATION_COMMENTS = YES;
				CLANG_WARN_EMPTY_BODY = YES;
				CLANG_WARN_ENUM_CONVERSION = YES;
				CLANG_WARN_INFINITE_RECURSION = YES;
				CLANG_WARN_INT_CONVERSION = YES;
				CLANG_WARN_NON_LITERAL_NULL_CONVERSION = YES;
				CLANG_WARN_OBJC_IMPLICIT_RETAIN_SELF = YES;
				CLANG_WARN_OBJC_LITERAL_CONVERSION = YES;
				CLANG_WARN_OBJC_ROOT_CLASS = YES_ERROR;
				CLANG_WARN_QUOTED_INCLUDE_IN_FRAMEWORK_HEADER = YES;
				CLANG_WARN_RANGE_LOOP_ANALYSIS = YES;
				CLANG_WARN_STRICT_PROTOTYPES = YES;
				CLANG_WARN_SUSPICIOUS_MOVE = YES;
				CLANG_WARN_UNGUARDED_AVAILABILITY = YES_AGGRESSIVE;
				CLANG_WARN_UNREACHABLE_CODE = YES;
				CLANG_WARN__DUPLICATE_METHOD_MATCH = YES;
				COPY_PHASE_STRIP = NO;
				DEBUG_INFORMATION_FORMAT = "dwarf-with-dsym";
				ENABLE_NS_ASSERTIONS = NO;
				ENABLE_STRICT_OBJC_MSGSEND = YES;
				GCC_C_LANGUAGE_STANDARD = gnu11;
				GCC_NO_COMMON_BLOCKS = YES;
				GCC_WARN_64_TO_32_BIT_CONVERSION = YES;
				GCC_WARN_ABOUT_RETURN_TYPE = YES_ERROR;
				GCC_WARN_UNDECLARED_SELECTOR = YES;
				GCC_WARN_UNINITIALIZED_AUTOS = YES_AGGRESSIVE;
				GCC_WARN_UNUSED_FUNCTION = YES;
				GCC_WARN_UNUSED_VARIABLE = YES;
				IPHONEOS_DEPLOYMENT_TARGET = 16.4;
				MTL_ENABLE_DEBUG_INFO = NO;
				MTL_FAST_MATH = YES;
				SDKROOT = iphoneos;
				SWIFT_COMPILATION_MODE = wholemodule;
				SWIFT_OPTIMIZATION_LEVEL = "-O";
				VALIDATE_PRODUCT = YES;
			};
			name = Release;
		};
		922CFA2E2AF8C2E500B4BE7C /* Debug */ = {
			isa = XCBuildConfiguration;
			buildSettings = {
				ASSETCATALOG_COMPILER_APPICON_NAME = AppIcon;
				ASSETCATALOG_COMPILER_GLOBAL_ACCENT_COLOR_NAME = AccentColor;
				CODE_SIGN_STYLE = Automatic;
				CURRENT_PROJECT_VERSION = 1;
				DEVELOPMENT_TEAM = YPZ5CXF9X7;
				GENERATE_INFOPLIST_FILE = YES;
				INFOPLIST_FILE = CodingTask/Info.plist;
				INFOPLIST_KEY_UIApplicationSupportsIndirectInputEvents = YES;
				INFOPLIST_KEY_UILaunchStoryboardName = LaunchScreen;
				INFOPLIST_KEY_UIMainStoryboardFile = Main;
				INFOPLIST_KEY_UISupportedInterfaceOrientations_iPad = "UIInterfaceOrientationPortrait UIInterfaceOrientationPortraitUpsideDown UIInterfaceOrientationLandscapeLeft UIInterfaceOrientationLandscapeRight";
				INFOPLIST_KEY_UISupportedInterfaceOrientations_iPhone = "UIInterfaceOrientationPortrait UIInterfaceOrientationLandscapeLeft UIInterfaceOrientationLandscapeRight";
				LD_RUNPATH_SEARCH_PATHS = (
					"$(inherited)",
					"@executable_path/Frameworks",
				);
				MARKETING_VERSION = 1.0;
				PRODUCT_BUNDLE_IDENTIFIER = myOwn.CodingTask;
				PRODUCT_NAME = "$(TARGET_NAME)";
				SWIFT_EMIT_LOC_STRINGS = YES;
				SWIFT_VERSION = 5.0;
				TARGETED_DEVICE_FAMILY = "1,2";
			};
			name = Debug;
		};
		922CFA2F2AF8C2E500B4BE7C /* Release */ = {
			isa = XCBuildConfiguration;
			buildSettings = {
				ASSETCATALOG_COMPILER_APPICON_NAME = AppIcon;
				ASSETCATALOG_COMPILER_GLOBAL_ACCENT_COLOR_NAME = AccentColor;
				CODE_SIGN_STYLE = Automatic;
				CURRENT_PROJECT_VERSION = 1;
				DEVELOPMENT_TEAM = YPZ5CXF9X7;
				GENERATE_INFOPLIST_FILE = YES;
				INFOPLIST_FILE = CodingTask/Info.plist;
				INFOPLIST_KEY_UIApplicationSupportsIndirectInputEvents = YES;
				INFOPLIST_KEY_UILaunchStoryboardName = LaunchScreen;
				INFOPLIST_KEY_UIMainStoryboardFile = Main;
				INFOPLIST_KEY_UISupportedInterfaceOrientations_iPad = "UIInterfaceOrientationPortrait UIInterfaceOrientationPortraitUpsideDown UIInterfaceOrientationLandscapeLeft UIInterfaceOrientationLandscapeRight";
				INFOPLIST_KEY_UISupportedInterfaceOrientations_iPhone = "UIInterfaceOrientationPortrait UIInterfaceOrientationLandscapeLeft UIInterfaceOrientationLandscapeRight";
				LD_RUNPATH_SEARCH_PATHS = (
					"$(inherited)",
					"@executable_path/Frameworks",
				);
				MARKETING_VERSION = 1.0;
				PRODUCT_BUNDLE_IDENTIFIER = myOwn.CodingTask;
				PRODUCT_NAME = "$(TARGET_NAME)";
				SWIFT_EMIT_LOC_STRINGS = YES;
				SWIFT_VERSION = 5.0;
				TARGETED_DEVICE_FAMILY = "1,2";
			};
			name = Release;
		};
/* End XCBuildConfiguration section */

/* Begin XCConfigurationList section */
		922CFA142AF8C2E400B4BE7C /* Build configuration list for PBXProject "CodingTask" */ = {
			isa = XCConfigurationList;
			buildConfigurations = (
				922CFA2B2AF8C2E500B4BE7C /* Debug */,
				922CFA2C2AF8C2E500B4BE7C /* Release */,
			);
			defaultConfigurationIsVisible = 0;
			defaultConfigurationName = Release;
		};
		922CFA2D2AF8C2E500B4BE7C /* Build configuration list for PBXNativeTarget "CodingTask" */ = {
			isa = XCConfigurationList;
			buildConfigurations = (
				922CFA2E2AF8C2E500B4BE7C /* Debug */,
				922CFA2F2AF8C2E500B4BE7C /* Release */,
			);
			defaultConfigurationIsVisible = 0;
			defaultConfigurationName = Release;
		};
/* End XCConfigurationList section */

/* Begin XCRemoteSwiftPackageReference section */
		922CFA302AF8C4F700B4BE7C /* XCRemoteSwiftPackageReference "firebase-ios-sdk" */ = {
			isa = XCRemoteSwiftPackageReference;
			repositoryURL = "https://github.com/firebase/firebase-ios-sdk";
			requirement = {
				kind = upToNextMajorVersion;
				minimumVersion = 10.0.0;
			};
		};
/* End XCRemoteSwiftPackageReference section */

/* Begin XCSwiftPackageProductDependency section */
		922CFA312AF8C4F700B4BE7C /* FirebaseRemoteConfig */ = {
			isa = XCSwiftPackageProductDependency;
			package = 922CFA302AF8C4F700B4BE7C /* XCRemoteSwiftPackageReference "firebase-ios-sdk" */;
			productName = FirebaseRemoteConfig;
		};
		922CFA332AF8C4F700B4BE7C /* FirebaseRemoteConfigSwift */ = {
			isa = XCSwiftPackageProductDependency;
			package = 922CFA302AF8C4F700B4BE7C /* XCRemoteSwiftPackageReference "firebase-ios-sdk" */;
			productName = FirebaseRemoteConfigSwift;
		};
/* End XCSwiftPackageProductDependency section */
	};
	rootObject = 922CFA112AF8C2E400B4BE7C /* Project object */;
}
